    "widest-line": {
      "version": "3.1.0",
      "resolved": "https://registry.npmjs.org/widest-line/-/widest-line-3.1.0.tgz",
      "integrity": "sha512-NsmoXalsWVDMGupxZ5R08ka9flZjjiLvHVAWYOKtiKM8ujtZWr9cRffak+uSE48+Ob8ObalXpwyeUiyDD6QFgg==",
      "requires": {
        "string-width": "^4.0.0"
      }
    },
    "word-wrap": {
      "version": "1.2.3",
      "resolved": "https://registry.npmjs.org/word-wrap/-/word-wrap-1.2.3.tgz",
      "integrity": "sha512-Hz/mrNwitNRh/HUAtM/VT/5VH+ygD6DV7mYKZAtHOrbs8U7lvPS6xf7EJKMF0uW1KJCl0H701g3ZGus+muE5vQ=="
    },
    "workbox-background-sync": {
      "version": "6.5.0",
      "resolved": "https://registry.npmjs.org/workbox-background-sync/-/workbox-background-sync-6.5.0.tgz",
      "integrity": "sha512-rrekt/gt6qOIZsisj6QZfmAFPAnocq1Z603zAjt+qHmeXY8DLPOklVtvrXSaHoHH3qIjUq3SQY5s2x240iTIKw==",
      "requires": {
        "idb": "^6.1.4",
        "workbox-core": "6.5.0"
      }
    },
    "workbox-broadcast-update": {
      "version": "6.5.0",
      "resolved": "https://registry.npmjs.org/workbox-broadcast-update/-/workbox-broadcast-update-6.5.0.tgz",
      "integrity": "sha512-JC97c7tYqoGWcCfbKO9KHG6lkU+WhXCnDB2j1oFWEiv53nUHy3yjPpzMmAGNLD9oV5lInO15n6V18HfwgkhISw==",
      "requires": {
        "workbox-core": "6.5.0"
      }
    },
    "workbox-build": {
      "version": "6.5.0",
      "resolved": "https://registry.npmjs.org/workbox-build/-/workbox-build-6.5.0.tgz",
      "integrity": "sha512-da0/1b6//P9+ts7ofcIKcMVPyN6suJvjJASXokF7DsqvUmgRBPcCVV4KCy8QWjgfcz7mzuTpkSbdVHcPFJ/p0A==",
      "requires": {
        "@apideck/better-ajv-errors": "^0.3.1",
        "@babel/core": "^7.11.1",
        "@babel/preset-env": "^7.11.0",
        "@babel/runtime": "^7.11.2",
        "@rollup/plugin-babel": "^5.2.0",
        "@rollup/plugin-node-resolve": "^11.2.1",
        "@rollup/plugin-replace": "^2.4.1",
        "@surma/rollup-plugin-off-main-thread": "^2.2.3",
        "ajv": "^8.6.0",
        "common-tags": "^1.8.0",
        "fast-json-stable-stringify": "^2.1.0",
        "fs-extra": "^9.0.1",
        "glob": "^7.1.6",
        "lodash": "^4.17.20",
        "pretty-bytes": "^5.3.0",
        "rollup": "^2.43.1",
        "rollup-plugin-terser": "^7.0.0",
        "source-map": "^0.8.0-beta.0",
        "stringify-object": "^3.3.0",
        "strip-comments": "^2.0.1",
        "tempy": "^0.6.0",
        "upath": "^1.2.0",
        "workbox-background-sync": "6.5.0",
        "workbox-broadcast-update": "6.5.0",
        "workbox-cacheable-response": "6.5.0",
        "workbox-core": "6.5.0",
        "workbox-expiration": "6.5.0",
        "workbox-google-analytics": "6.5.0",
        "workbox-navigation-preload": "6.5.0",
        "workbox-precaching": "6.5.0",
        "workbox-range-requests": "6.5.0",
        "workbox-recipes": "6.5.0",
        "workbox-routing": "6.5.0",
        "workbox-strategies": "6.5.0",
        "workbox-streams": "6.5.0",
        "workbox-sw": "6.5.0",
        "workbox-window": "6.5.0"
      },
      "dependencies": {
        "@apideck/better-ajv-errors": {
          "version": "0.3.3",
          "resolved": "https://registry.npmjs.org/@apideck/better-ajv-errors/-/better-ajv-errors-0.3.3.tgz",
          "integrity": "sha512-9o+HO2MbJhJHjDYZaDxJmSDckvDpiuItEsrIShV0DXeCshXWRHhqYyU/PKHMkuClOmFnZhRd6wzv4vpDu/dRKg==",
          "requires": {
            "json-schema": "^0.4.0",
            "jsonpointer": "^5.0.0",
            "leven": "^3.1.0"
          }
        },
        "ajv": {
          "version": "8.10.0",
          "resolved": "https://registry.npmjs.org/ajv/-/ajv-8.10.0.tgz",
          "integrity": "sha512-bzqAEZOjkrUMl2afH8dknrq5KEk2SrwdBROR+vH1EKVQTqaUbJVPdc/gEdggTMM0Se+s+Ja4ju4TlNcStKl2Hw==",
          "requires": {
            "fast-deep-equal": "^3.1.1",
            "json-schema-traverse": "^1.0.0",
            "require-from-string": "^2.0.2",
            "uri-js": "^4.2.2"
          }
        },
        "fs-extra": {
          "version": "9.1.0",
          "resolved": "https://registry.npmjs.org/fs-extra/-/fs-extra-9.1.0.tgz",
          "integrity": "sha512-hcg3ZmepS30/7BSFqRvoo3DOMQu7IjqxO5nCDt+zM9XWjb33Wg7ziNT+Qvqbuc3+gWpzO02JubVyk2G4Zvo1OQ==",
          "requires": {
            "at-least-node": "^1.0.0",
            "graceful-fs": "^4.2.0",
            "jsonfile": "^6.0.1",
            "universalify": "^2.0.0"
          }
        },
        "json-schema-traverse": {
          "version": "1.0.0",
          "resolved": "https://registry.npmjs.org/json-schema-traverse/-/json-schema-traverse-1.0.0.tgz",
          "integrity": "sha512-NM8/P9n3XjXhIZn1lLhkFaACTOURQXjWhV4BA/RnOv8xvgqtqpAX9IO4mRQxSx1Rlo4tqzeqb0sOlruaOy3dug=="
        },
        "source-map": {
          "version": "0.8.0-beta.0",
          "resolved": "https://registry.npmjs.org/source-map/-/source-map-0.8.0-beta.0.tgz",
          "integrity": "sha512-2ymg6oRBpebeZi9UUNsgQ89bhx01TcTkmNTGnNO88imTmbSgy4nfujrgVEFKWpMTEGA11EDkTt7mqObTPdigIA==",
          "requires": {
            "whatwg-url": "^7.0.0"
          }
        },
        "tr46": {
          "version": "1.0.1",
          "resolved": "https://registry.npmjs.org/tr46/-/tr46-1.0.1.tgz",
          "integrity": "sha1-qLE/1r/SSJUZZ0zN5VujaTtwbQk=",
          "requires": {
            "punycode": "^2.1.0"
          }
        },
        "webidl-conversions": {
          "version": "4.0.2",
          "resolved": "https://registry.npmjs.org/webidl-conversions/-/webidl-conversions-4.0.2.tgz",
          "integrity": "sha512-YQ+BmxuTgd6UXZW3+ICGfyqRyHXVlD5GtQr5+qjiNW7bF0cqrzX500HVXPBOvgXb5YnzDd+h0zqyv61KUD7+Sg=="
        },
        "whatwg-url": {
          "version": "7.1.0",
          "resolved": "https://registry.npmjs.org/whatwg-url/-/whatwg-url-7.1.0.tgz",
          "integrity": "sha512-WUu7Rg1DroM7oQvGWfOiAK21n74Gg+T4elXEQYkOhtyLeWiJFoOGLXPKI/9gzIie9CtwVLm8wtw6YJdKyxSjeg==",
          "requires": {
            "lodash.sortby": "^4.7.0",
            "tr46": "^1.0.1",
            "webidl-conversions": "^4.0.2"
          }
        }
      }
    },
    "workbox-cacheable-response": {
      "version": "6.5.0",
      "resolved": "https://registry.npmjs.org/workbox-cacheable-response/-/workbox-cacheable-response-6.5.0.tgz",
      "integrity": "sha512-sqAtWAiBwWvI8HG/2Do7BeKPhHuUczt22ORkAjkH9DfTq9LuWRFd6T4HAMqX5G8F1gM9XA2UPlxRrEeSpFIz/A==",
      "requires": {
        "workbox-core": "6.5.0"
      }
    },
    "workbox-core": {
      "version": "6.5.0",
      "resolved": "https://registry.npmjs.org/workbox-core/-/workbox-core-6.5.0.tgz",
      "integrity": "sha512-5SPwNipUzYBhrneLVT02JFA0fw3LG82jFAN/G2NzxkIW10t4MVZuML2nU94bbkgjq25u0fkY8+4JXzMfHgxEWQ=="
    },
    "workbox-expiration": {
      "version": "6.5.0",
      "resolved": "https://registry.npmjs.org/workbox-expiration/-/workbox-expiration-6.5.0.tgz",
      "integrity": "sha512-y3WRkKRy/gMuZZNkrLFahjY0QZtLoq+QfhTbVAsOGHVg1CCtnNbeFAnEidQs7UisI2BK76VqQPvM7hEOFyZ92A==",
      "requires": {
        "idb": "^6.1.4",
        "workbox-core": "6.5.0"
      }
    },
    "workbox-google-analytics": {
      "version": "6.5.0",
      "resolved": "https://registry.npmjs.org/workbox-google-analytics/-/workbox-google-analytics-6.5.0.tgz",
      "integrity": "sha512-CHHh55wMNCc/BV1URrzEM2Zjgf6g2CV6QpAAc1pBRqaLY5755PeQZbp3o8KbJEM7YsC9mIBeQVsOkSKkGS30bg==",
      "requires": {
        "workbox-background-sync": "6.5.0",
        "workbox-core": "6.5.0",
        "workbox-routing": "6.5.0",
        "workbox-strategies": "6.5.0"
      }
    },
    "workbox-navigation-preload": {
      "version": "6.5.0",
      "resolved": "https://registry.npmjs.org/workbox-navigation-preload/-/workbox-navigation-preload-6.5.0.tgz",
      "integrity": "sha512-ktrRQzXJ0zFy0puOtCa49wE3BSBGUB8KRMot3tEieikCkSO0wMLmiCb9GwTVvNMJLl0THRlsdFoI93si04nTxA==",
      "requires": {
        "workbox-core": "6.5.0"
      }
    },
    "workbox-precaching": {
      "version": "6.5.0",
      "resolved": "https://registry.npmjs.org/workbox-precaching/-/workbox-precaching-6.5.0.tgz",
      "integrity": "sha512-IVLzgHx38T6LphJyEOltd7XAvpDi73p85uCT2ZtT1HHg9FAYC49a+5iHUVOnqye73fLW20eiAMFcnehGxz9RWg==",
      "requires": {
        "workbox-core": "6.5.0",
        "workbox-routing": "6.5.0",
        "workbox-strategies": "6.5.0"
      }
    },
    "workbox-range-requests": {
      "version": "6.5.0",
      "resolved": "https://registry.npmjs.org/workbox-range-requests/-/workbox-range-requests-6.5.0.tgz",
      "integrity": "sha512-+qTELdGZE5rOjuv+ifFrfRDN8Uvzpbm5Fal7qSUqB1V1DLCMxPwHCj6mWwQBRKBpW7G09kAwewH7zA3Asjkf/Q==",
      "requires": {
        "workbox-core": "6.5.0"
      }
    },
    "workbox-recipes": {
      "version": "6.5.0",
      "resolved": "https://registry.npmjs.org/workbox-recipes/-/workbox-recipes-6.5.0.tgz",
      "integrity": "sha512-7hWZAIcXmvr31NwYSWaQIrnThCH/Dx9+eYv/YdkpUeWIXRiHRkYvP1FdiHItbLSjL4Y6K7cy2Y9y5lGCkgaE4w==",
      "requires": {
        "workbox-cacheable-response": "6.5.0",
        "workbox-core": "6.5.0",
        "workbox-expiration": "6.5.0",
        "workbox-precaching": "6.5.0",
        "workbox-routing": "6.5.0",
        "workbox-strategies": "6.5.0"
      }
    },
    "workbox-routing": {
      "version": "6.5.0",
      "resolved": "https://registry.npmjs.org/workbox-routing/-/workbox-routing-6.5.0.tgz",
      "integrity": "sha512-w1A9OVa/yYStu9ds0Dj+TC6zOAoskKlczf+wZI5mrM9nFCt/KOMQiFp1/41DMFPrrN/8KlZTS3Cel/Ttutw93Q==",
      "requires": {
        "workbox-core": "6.5.0"
      }
    },
    "workbox-strategies": {
      "version": "6.5.0",
      "resolved": "https://registry.npmjs.org/workbox-strategies/-/workbox-strategies-6.5.0.tgz",
      "integrity": "sha512-Ngnwo+tfGw4uKSlTz3h1fYKb/lCV7SDI/dtTb8VaJzRl0N9XssloDGYERBmF6BN/DV/x3bnRsshfobnKI/3z0g==",
      "requires": {
        "workbox-core": "6.5.0"
      }
    },
    "workbox-streams": {
      "version": "6.5.0",
      "resolved": "https://registry.npmjs.org/workbox-streams/-/workbox-streams-6.5.0.tgz",
      "integrity": "sha512-ZbeaZINkju4x45P9DFyRbOYInE+dyNAJIelflz4f9AOAdm+zZUJCooU4MdfsedVhHiTIA6pCD/3jCmW1XbvlbA==",
      "requires": {
        "workbox-core": "6.5.0",
        "workbox-routing": "6.5.0"
      }
    },
    "workbox-sw": {
      "version": "6.5.0",
      "resolved": "https://registry.npmjs.org/workbox-sw/-/workbox-sw-6.5.0.tgz",
      "integrity": "sha512-uPGJ9Yost4yabnCko/IuhouquoQKrWOEqLq7L/xVYtltWe4+J8Hw8iPCVtxvXQ26hffd7MaFWUAN83j2ZWbxRg=="
    },
    "workbox-webpack-plugin": {
      "version": "6.5.0",
      "resolved": "https://registry.npmjs.org/workbox-webpack-plugin/-/workbox-webpack-plugin-6.5.0.tgz",
      "integrity": "sha512-wy4uCBJELNfJVf2b4Tg3mjJQySq/aReWv4Q1RxQweJkY9ihq7DOGA3wLlXvoauek+MX/SuQfS3it+eXIfHKjvg==",
      "requires": {
        "fast-json-stable-stringify": "^2.1.0",
        "pretty-bytes": "^5.4.1",
        "upath": "^1.2.0",
        "webpack-sources": "^1.4.3",
        "workbox-build": "6.5.0"
      },
      "dependencies": {
        "source-map": {
          "version": "0.6.1",
          "resolved": "https://registry.npmjs.org/source-map/-/source-map-0.6.1.tgz",
          "integrity": "sha512-UjgapumWlbMhkBgzT7Ykc5YXUT46F0iKu8SGXq0bcwP5dz/h0Plj6enJqjz1Zbq2l5WaqYnrVbwWOWMyF3F47g=="
        },
        "webpack-sources": {
          "version": "1.4.3",
          "resolved": "https://registry.npmjs.org/webpack-sources/-/webpack-sources-1.4.3.tgz",
          "integrity": "sha512-lgTS3Xhv1lCOKo7SA5TjKXMjpSM4sBjNV5+q2bqesbSPs5FjGmU6jjtBSkX9b4qW87vDIsCIlUPOEhbZrMdjeQ==",
          "requires": {
            "source-list-map": "^2.0.0",
            "source-map": "~0.6.1"
          }
        }
      }
    },
    "workbox-window": {
      "version": "6.5.0",
      "resolved": "https://registry.npmjs.org/workbox-window/-/workbox-window-6.5.0.tgz",
      "integrity": "sha512-DOrhiTnWup/CsNstO2uvfdKM4kdStgHd31xGGvBcoCE3Are3DRcy5s3zz3PedcAR1AKskQj3BXz0UhzQiOq8nA==",
      "requires": {
        "@types/trusted-types": "^2.0.2",
        "workbox-core": "6.5.0"
      }
    },
    "wrap-ansi": {
      "version": "7.0.0",
      "resolved": "https://registry.npmjs.org/wrap-ansi/-/wrap-ansi-7.0.0.tgz",
      "integrity": "sha512-YVGIj2kamLSTxw6NsZjoBxfSwsn0ycdesmc4p+Q21c5zPuZ1pl+NfxVdxPtdHvmNVOQ6XSYG4AUtyt/Fi7D16Q==",
      "requires": {
        "ansi-styles": "^4.0.0",
        "string-width": "^4.1.0",
        "strip-ansi": "^6.0.0"
      },
      "dependencies": {
        "ansi-styles": {
          "version": "4.3.0",
          "resolved": "https://registry.npmjs.org/ansi-styles/-/ansi-styles-4.3.0.tgz",
          "integrity": "sha512-zbB9rCJAT1rbjiVDb2hqKFHNYLxgtk8NURxZ3IZwD3F6NtxbXZQCnnSi1Lkx+IDohdPlFp222wVALIheZJQSEg==",
          "requires": {
            "color-convert": "^2.0.1"
          }
        },
        "color-convert": {
          "version": "2.0.1",
          "resolved": "https://registry.npmjs.org/color-convert/-/color-convert-2.0.1.tgz",
          "integrity": "sha512-RRECPsj7iu/xb5oKYcsFHSppFNnsj/52OVTRKb4zP5onXwVF3zVmmToNcOfGC+CRDpfK/U584fMg38ZHCaElKQ==",
          "requires": {
            "color-name": "~1.1.4"
          }
        },
        "color-name": {
          "version": "1.1.4",
          "resolved": "https://registry.npmjs.org/color-name/-/color-name-1.1.4.tgz",
          "integrity": "sha512-dOy+3AuW3a2wNbZHIuMZpTcgjGuLU/uBL/ubcZF9OXbDo8ff4O8yVp5Bf0efS8uEoYo5q4Fx7dY9OgQGXgAsQA=="
        }
      }
    },
    "wrappy": {
      "version": "1.0.2",
      "resolved": "https://registry.npmjs.org/wrappy/-/wrappy-1.0.2.tgz",
      "integrity": "sha1-tSQ9jz7BqjXxNkYFvA0QNuMKtp8="
    },
    "write-file-atomic": {
      "version": "3.0.3",
      "resolved": "https://registry.npmjs.org/write-file-atomic/-/write-file-atomic-3.0.3.tgz",
      "integrity": "sha512-AvHcyZ5JnSfq3ioSyjrBkH9yW4m7Ayk8/9My/DD9onKeu/94fwrMocemO2QAJFAlnnDN+ZDS+ZjAR5ua1/PV/Q==",
      "requires": {
        "imurmurhash": "^0.1.4",
        "is-typedarray": "^1.0.0",
        "signal-exit": "^3.0.2",
        "typedarray-to-buffer": "^3.1.5"
      }
    },
    "ws": {
      "version": "7.5.7",
      "resolved": "https://registry.npmjs.org/ws/-/ws-7.5.7.tgz",
      "integrity": "sha512-KMvVuFzpKBuiIXW3E4u3mySRO2/mCHSyZDJQM5NQ9Q9KHWHWh0NHgfbRMLLrceUK5qAL4ytALJbpRMjixFZh8A==",
      "requires": {}
    },
    "xdg-basedir": {
      "version": "4.0.0",
      "resolved": "https://registry.npmjs.org/xdg-basedir/-/xdg-basedir-4.0.0.tgz",
      "integrity": "sha512-PSNhEJDejZYV7h50BohL09Er9VaIefr2LMAf3OEmpCkjOi34eYyQYAXUTjEQtZJTKcF0E2UKTh+osDLsgNim9Q=="
    },
    "xml-name-validator": {
      "version": "3.0.0",
      "resolved": "https://registry.npmjs.org/xml-name-validator/-/xml-name-validator-3.0.0.tgz",
      "integrity": "sha512-A5CUptxDsvxKJEU3yO6DuWBSJz/qizqzJKOMIfUJHETbBw/sFaDxgd6fxm1ewUaM0jZ444Fc5vC5ROYurg/4Pw=="
    },
    "xmlchars": {
      "version": "2.2.0",
      "resolved": "https://registry.npmjs.org/xmlchars/-/xmlchars-2.2.0.tgz",
      "integrity": "sha512-JZnDKK8B0RCDw84FNdDAIpZK+JuJw+s7Lz8nksI7SIuU3UXJJslUthsi+uWBUYOwPFwW7W7PRLRfUKpxjtjFCw=="
    },
    "xtend": {
      "version": "4.0.2",
      "resolved": "https://registry.npmjs.org/xtend/-/xtend-4.0.2.tgz",
      "integrity": "sha512-LKYU1iAXJXUgAXn9URjiu+MWhyUXHsvfp7mcuYm9dSUKK0/CjtrUwFAxD82/mCWbtLsGjFIad0wIsod4zrTAEQ=="
    },
    "y18n": {
      "version": "5.0.8",
      "resolved": "https://registry.npmjs.org/y18n/-/y18n-5.0.8.tgz",
      "integrity": "sha512-0pfFzegeDWJHJIAmTLRP2DwHjdF5s7jo9tuztdQxAhINCdvS+3nGINqPd00AphqJR/0LhANUS6/+7SCb98YOfA=="
    },
    "yallist": {
      "version": "4.0.0",
      "resolved": "https://registry.npmjs.org/yallist/-/yallist-4.0.0.tgz",
      "integrity": "sha512-3wdGidZyq5PB084XLES5TpOSRA3wjXAlIWMhum2kRcv/41Sn2emQ0dycQW4uZXLejwKvg6EsvbdlVL+FYEct7A=="
    },
    "yaml": {
      "version": "1.10.2",
      "resolved": "https://registry.npmjs.org/yaml/-/yaml-1.10.2.tgz",
      "integrity": "sha512-r3vXyErRCYJ7wg28yvBY5VSoAF8ZvlcW9/BwUzEtUsjvX/DKs24dIkuwjtuprwJJHsbyUbLApepYTR1BN4uHrg=="
    },
    "yargs": {
      "version": "16.2.0",
      "resolved": "https://registry.npmjs.org/yargs/-/yargs-16.2.0.tgz",
      "integrity": "sha512-D1mvvtDG0L5ft/jGWkLpG1+m0eQxOfaBvTNELraWj22wSVUMWxZUvYgJYcKh6jGGIkJFhH4IZPQhR4TKpc8mBw==",
      "requires": {
        "cliui": "^7.0.2",
        "escalade": "^3.1.1",
        "get-caller-file": "^2.0.5",
        "require-directory": "^2.1.1",
        "string-width": "^4.2.0",
        "y18n": "^5.0.5",
        "yargs-parser": "^20.2.2"
      }
    },
    "yargs-parser": {
      "version": "20.2.9",
      "resolved": "https://registry.npmjs.org/yargs-parser/-/yargs-parser-20.2.9.tgz",
      "integrity": "sha512-y11nGElTIV+CT3Zv9t7VKl+Q3hTQoT9a1Qzezhhl6Rp21gJ/IVTW7Z3y9EWXhuUBC2Shnf+DX0antecpAwSP8w=="
    },
    "yocto-queue": {
      "version": "0.1.0",
      "resolved": "https://registry.npmjs.org/yocto-queue/-/yocto-queue-0.1.0.tgz",
      "integrity": "sha512-rVksvsnNCdJ/ohGc6xgPwyN8eheCxsiLM8mxuE/t/mOVqJewPuO1miLpTHQiRgTKCLexL4MeAFVagts7HmNZ2Q=="
    }
  }
}
